<?xml version="1.0" encoding="utf-8"?>
<Project ToolsVersion="4.0" xmlns="http://schemas.microsoft.com/developer/msbuild/2003">
  <ItemGroup>
    <Filter Include="base">
      <UniqueIdentifier>{ddf97bb3-f760-462e-9869-4fe11dfaba33}</UniqueIdentifier>
    </Filter>
    <Filter Include="syntax">
      <UniqueIdentifier>{ea84014f-8db6-4390-9aef-f4f00bd06c34}</UniqueIdentifier>
    </Filter>
    <Filter Include="variant_length_data_decoder">
      <UniqueIdentifier>{07718cab-e0c4-4ec3-a7e5-9cce08a765f8}</UniqueIdentifier>
    </Filter>
    <Filter Include="base\stream">
      <UniqueIdentifier>{5e4f232a-83e6-4722-969e-083b4a148ba1}</UniqueIdentifier>
    </Filter>
  </ItemGroup>
  <ItemGroup>
    <ClInclude Include="hevc_decoder.h" />
    <ClInclude Include="frame.h" />
    <ClInclude Include="hevc_decoder_def.h" />
    <ClInclude Include="base\basic_types.h">
      <Filter>base</Filter>
    </ClInclude>
    <ClInclude Include="base\stream\bit_stream.h">
      <Filter>base\stream</Filter>
    </ClInclude>
    <ClInclude Include="syntax\nal_organizer.h">
      <Filter>syntax</Filter>
    </ClInclude>
    <ClInclude Include="base\frame_partition.h">
      <Filter>base</Filter>
    </ClInclude>
    <ClInclude Include="syntax\nal_unit.h">
      <Filter>syntax</Filter>
    </ClInclude>
    <ClInclude Include="base\math.h">
      <Filter>base</Filter>
    </ClInclude>
    <ClInclude Include="base\frame_syntax_context.h">
      <Filter>base</Filter>
    </ClInclude>
    <ClInclude Include="syntax\frame_syntax.h">
      <Filter>syntax</Filter>
    </ClInclude>
    <ClInclude Include="syntax\slice_syntax.h">
      <Filter>syntax</Filter>
    </ClInclude>
    <ClInclude Include="syntax\slice_segment_syntax.h">
      <Filter>syntax</Filter>
    </ClInclude>
  </ItemGroup>
  <ItemGroup>
    <ClCompile Include="hevc_decoder.cpp" />
    <ClCompile Include="frame.cpp" />
    <ClCompile Include="base\stream\bit_stream.cpp">
      <Filter>base\stream</Filter>
    </ClCompile>
    <ClCompile Include="syntax\nal_organizer.cpp">
      <Filter>syntax</Filter>
    </ClCompile>
    <ClCompile Include="base\frame_partition.cpp">
      <Filter>base</Filter>
    </ClCompile>
    <ClCompile Include="syntax\frame_syntax.cpp">
      <Filter>syntax</Filter>
    </ClCompile>
    <ClCompile Include="syntax\slice_syntax.cpp">
      <Filter>syntax</Filter>
    </ClCompile>
    <ClCompile Include="syntax\slice_segment_syntax.cpp">
      <Filter>syntax</Filter>
    </ClCompile>
  </ItemGroup>
</Project>