<?xml version="1.0" encoding="utf-8"?>
<Project ToolsVersion="4.0" xmlns="http://schemas.microsoft.com/developer/msbuild/2003">
  <ItemGroup>
    <Filter Include="base">
      <UniqueIdentifier>{ddf97bb3-f760-462e-9869-4fe11dfaba33}</UniqueIdentifier>
    </Filter>
    <Filter Include="syntax">
      <UniqueIdentifier>{ea84014f-8db6-4390-9aef-f4f00bd06c34}</UniqueIdentifier>
    </Filter>
    <Filter Include="base\stream">
      <UniqueIdentifier>{5e4f232a-83e6-4722-969e-083b4a148ba1}</UniqueIdentifier>
    </Filter>
    <Filter Include="variant_length_data_decoder">
      <UniqueIdentifier>{9d6cdb04-b389-4805-8471-6a38afe7349c}</UniqueIdentifier>
    </Filter>
    <Filter Include="predictors">
      <UniqueIdentifier>{77410b83-15cf-4914-a7e6-cfbbe568d453}</UniqueIdentifier>
    </Filter>
  </ItemGroup>
  <ItemGroup>
    <ClInclude Include="hevc_decoder.h" />
    <ClInclude Include="frame.h" />
    <ClInclude Include="hevc_decoder_def.h" />
    <ClInclude Include="base\basic_types.h">
      <Filter>base</Filter>
    </ClInclude>
    <ClInclude Include="base\stream\bit_stream.h">
      <Filter>base\stream</Filter>
    </ClInclude>
    <ClInclude Include="syntax\nal_organizer.h">
      <Filter>syntax</Filter>
    </ClInclude>
    <ClInclude Include="syntax\nal_unit.h">
      <Filter>syntax</Filter>
    </ClInclude>
    <ClInclude Include="syntax\nal_unit_types.h">
      <Filter>syntax</Filter>
    </ClInclude>
    <ClInclude Include="base\stream\golomb_reader.h">
      <Filter>base\stream</Filter>
    </ClInclude>
    <ClInclude Include="syntax\frame_syntax.h">
      <Filter>syntax</Filter>
    </ClInclude>
    <ClInclude Include="syntax\profile_tier_level.h">
      <Filter>syntax</Filter>
    </ClInclude>
    <ClInclude Include="syntax\slice_segment_syntax.h">
      <Filter>syntax</Filter>
    </ClInclude>
    <ClInclude Include="syntax\slice_syntax.h">
      <Filter>syntax</Filter>
    </ClInclude>
    <ClInclude Include="syntax\video_parameter_set.h">
      <Filter>syntax</Filter>
    </ClInclude>
    <ClInclude Include="syntax\profile_tier_level.h" />
    <ClInclude Include="syntax\video_parameter_set.h" />
    <ClInclude Include="base\growing_buffer.h">
      <Filter>base</Filter>
    </ClInclude>
    <ClInclude Include="syntax\hrd_parameters.h">
      <Filter>syntax</Filter>
    </ClInclude>
    <ClInclude Include="syntax\syntax_dispatcher.h">
      <Filter>syntax</Filter>
    </ClInclude>
    <ClInclude Include="syntax\parameters_manager.h">
      <Filter>syntax</Filter>
    </ClInclude>
    <ClInclude Include="syntax\picture_parameter_set.h">
      <Filter>syntax</Filter>
    </ClInclude>
    <ClInclude Include="syntax\scaling_list_data.h">
      <Filter>syntax</Filter>
    </ClInclude>
    <ClInclude Include="syntax\pps_range_extension.h">
      <Filter>syntax</Filter>
    </ClInclude>
    <ClInclude Include="syntax\pps_multilayer_extension.h">
      <Filter>syntax</Filter>
    </ClInclude>
    <ClInclude Include="syntax\colour_mapping_table.h">
      <Filter>syntax</Filter>
    </ClInclude>
    <ClInclude Include="syntax\colour_mapping_octants.h">
      <Filter>syntax</Filter>
    </ClInclude>
    <ClInclude Include="syntax\pps_3d_extension.h">
      <Filter>syntax</Filter>
    </ClInclude>
    <ClInclude Include="syntax\delta_dlt.h">
      <Filter>syntax</Filter>
    </ClInclude>
    <ClInclude Include="syntax\pps_screen_content_coding_extension.h">
      <Filter>syntax</Filter>
    </ClInclude>
    <ClInclude Include="syntax\sequence_parameter_set.h">
      <Filter>syntax</Filter>
    </ClInclude>
    <ClInclude Include="syntax\short_term_reference_picture_set.h">
      <Filter>syntax</Filter>
    </ClInclude>
    <ClInclude Include="syntax\short_term_reference_picture_set_context.h">
      <Filter>syntax</Filter>
    </ClInclude>
    <ClInclude Include="syntax\video_usability_infomation_parameters.h">
      <Filter>syntax</Filter>
    </ClInclude>
    <ClInclude Include="syntax\sps_range_extension.h">
      <Filter>syntax</Filter>
    </ClInclude>
    <ClInclude Include="syntax\sps_multilayer_extension.h">
      <Filter>syntax</Filter>
    </ClInclude>
    <ClInclude Include="syntax\sps_3d_extension.h">
      <Filter>syntax</Filter>
    </ClInclude>
    <ClInclude Include="syntax\sps_screen_content_coding_extension.h">
      <Filter>syntax</Filter>
    </ClInclude>
    <ClInclude Include="syntax\sub_layer_hrd_parameters.h">
      <Filter>syntax</Filter>
    </ClInclude>
    <ClInclude Include="predictors\predictor_manager.h">
      <Filter>predictors</Filter>
    </ClInclude>
    <ClInclude Include="decode_processor_manager.h" />
    <ClInclude Include="frame_sequence_arranger.h" />
    <ClInclude Include="syntax\slice_segment_header.h">
      <Filter>syntax</Filter>
    </ClInclude>
    <ClInclude Include="base\math.h">
      <Filter>base</Filter>
    </ClInclude>
    <ClInclude Include="syntax\reference_picture_lists_modification.h">
      <Filter>syntax</Filter>
    </ClInclude>
    <ClInclude Include="syntax\prediction_weight_table.h">
      <Filter>syntax</Filter>
    </ClInclude>
    <ClInclude Include="syntax\coded_video_sequence.h">
      <Filter>syntax</Filter>
    </ClInclude>
    <ClInclude Include="base\coding_tree_block_context.h">
      <Filter>base</Filter>
    </ClInclude>
    <ClInclude Include="base\frame_info_provider_for_frame_partition.h">
      <Filter>base</Filter>
    </ClInclude>
    <ClInclude Include="syntax\slice_segment_header_context.h" />
    <ClInclude Include="syntax\slice_segment_context.h" />
    <ClInclude Include="syntax\frame_syntax_context.h">
      <Filter>syntax</Filter>
    </ClInclude>
    <ClInclude Include="syntax\short_term_reference_picture_set_context_impl.h" />
    <ClInclude Include="syntax\prediction_weight_table_context.h" />
    <ClInclude Include="syntax\slice_segment_data.h" />
    <ClInclude Include="partitions\frame_partition.h">
      <Filter>base</Filter>
    </ClInclude>
    <ClInclude Include="partitions\frame_partition_manager.h" />
    <ClInclude Include="partitions\frame_partition_creator_info_provider.h" />
    <ClInclude Include="partitions\frame_partition_creator_info_provider_impl.h" />
    <ClInclude Include="base\tile_info.h" />
    <ClInclude Include="vld_decoder\cabac_context_storage.h">
      <Filter>variant_length_data_decoder</Filter>
    </ClInclude>
    <ClInclude Include="vld_decoder\cabac_context_types.h">
      <Filter>variant_length_data_decoder</Filter>
    </ClInclude>
    <ClInclude Include="vld_decoder\cabac_reader.h">
      <Filter>variant_length_data_decoder</Filter>
    </ClInclude>
    <ClInclude Include="vld_decoder\common_cabac_syntax_reader.h">
      <Filter>variant_length_data_decoder</Filter>
    </ClInclude>
    <ClInclude Include="vld_decoder\end_of_slice_segment_flag_reader.h">
      <Filter>variant_length_data_decoder</Filter>
    </ClInclude>
    <ClInclude Include="vld_decoder\frame_info_provider_for_cabac.h">
      <Filter>variant_length_data_decoder</Filter>
    </ClInclude>
    <ClInclude Include="vld_decoder\slice_segment_info_provider_for_cabac.h">
      <Filter>variant_length_data_decoder</Filter>
    </ClInclude>
  </ItemGroup>
  <ItemGroup>
    <ClCompile Include="hevc_decoder.cpp" />
    <ClCompile Include="frame.cpp" />
    <ClCompile Include="base\stream\bit_stream.cpp">
      <Filter>base\stream</Filter>
    </ClCompile>
    <ClCompile Include="syntax\nal_organizer.cpp">
      <Filter>syntax</Filter>
    </ClCompile>
    <ClCompile Include="syntax\nal_unit.cpp">
      <Filter>syntax</Filter>
    </ClCompile>
    <ClCompile Include="base\stream\golomb_reader.cpp">
      <Filter>base\stream</Filter>
    </ClCompile>
    <ClCompile Include="syntax\frame_syntax.cpp">
      <Filter>syntax</Filter>
    </ClCompile>
    <ClCompile Include="syntax\profile_tier_level.cpp">
      <Filter>syntax</Filter>
    </ClCompile>
    <ClCompile Include="syntax\slice_segment_syntax.cpp">
      <Filter>syntax</Filter>
    </ClCompile>
    <ClCompile Include="syntax\slice_syntax.cpp">
      <Filter>syntax</Filter>
    </ClCompile>
    <ClCompile Include="syntax\profile_tier_level.cpp" />
    <ClCompile Include="syntax\video_parameter_set.cpp">
      <Filter>syntax</Filter>
    </ClCompile>
    <ClCompile Include="syntax\hrd_parameters.cpp">
      <Filter>syntax</Filter>
    </ClCompile>
    <ClCompile Include="syntax\syntax_dispatcher.cpp">
      <Filter>syntax</Filter>
    </ClCompile>
    <ClCompile Include="syntax\parameters_manager.cpp">
      <Filter>syntax</Filter>
    </ClCompile>
    <ClCompile Include="syntax\picture_parameter_set.cpp">
      <Filter>syntax</Filter>
    </ClCompile>
    <ClCompile Include="syntax\scaling_list_data.cpp">
      <Filter>syntax</Filter>
    </ClCompile>
    <ClCompile Include="syntax\pps_range_extension.cpp">
      <Filter>syntax</Filter>
    </ClCompile>
    <ClCompile Include="syntax\pps_multilayer_extension.cpp">
      <Filter>syntax</Filter>
    </ClCompile>
    <ClCompile Include="syntax\colour_mapping_table.cpp">
      <Filter>syntax</Filter>
    </ClCompile>
    <ClCompile Include="syntax\colour_mapping_octants.cpp">
      <Filter>syntax</Filter>
    </ClCompile>
    <ClCompile Include="syntax\pps_3d_extension.cpp">
      <Filter>syntax</Filter>
    </ClCompile>
    <ClCompile Include="syntax\delta_dlt.cpp">
      <Filter>syntax</Filter>
    </ClCompile>
    <ClCompile Include="syntax\pps_screen_content_coding_extension.cpp">
      <Filter>syntax</Filter>
    </ClCompile>
    <ClCompile Include="syntax\sequence_parameter_set.cpp">
      <Filter>syntax</Filter>
    </ClCompile>
    <ClCompile Include="syntax\short_term_reference_picture_set.cpp">
      <Filter>syntax</Filter>
    </ClCompile>
    <ClCompile Include="syntax\video_usability_infomation_parameters.cpp">
      <Filter>syntax</Filter>
    </ClCompile>
    <ClCompile Include="syntax\sps_range_extension.cpp">
      <Filter>syntax</Filter>
    </ClCompile>
    <ClCompile Include="syntax\sps_multilayer_extension.cpp">
      <Filter>syntax</Filter>
    </ClCompile>
    <ClCompile Include="syntax\sps_3d_extension.cpp">
      <Filter>syntax</Filter>
    </ClCompile>
    <ClCompile Include="syntax\sps_screen_content_coding_extension.cpp">
      <Filter>syntax</Filter>
    </ClCompile>
    <ClCompile Include="syntax\sub_layer_hrd_parameters.cpp">
      <Filter>syntax</Filter>
    </ClCompile>
    <ClCompile Include="syntax\video_parameter_set.cpp">
      <Filter>syntax</Filter>
    </ClCompile>
    <ClCompile Include="predictors\predictor_manager.cpp">
      <Filter>predictors</Filter>
    </ClCompile>
    <ClCompile Include="decode_processor_manager.cpp" />
    <ClCompile Include="frame_sequence_arranger.cpp" />
    <ClCompile Include="syntax\slice_segment_header.cpp">
      <Filter>syntax</Filter>
    </ClCompile>
    <ClCompile Include="syntax\reference_picture_lists_modification.cpp">
      <Filter>syntax</Filter>
    </ClCompile>
    <ClCompile Include="syntax\prediction_weight_table.cpp">
      <Filter>syntax</Filter>
    </ClCompile>
    <ClCompile Include="syntax\coded_video_sequence.cpp">
      <Filter>syntax</Filter>
    </ClCompile>
    <ClCompile Include="syntax\slice_segment_data.cpp" />
    <ClCompile Include="partitions\frame_partition.cpp">
      <Filter>base</Filter>
    </ClCompile>
    <ClCompile Include="partitions\frame_partition_manager.cpp" />
    <ClCompile Include="partitions\frame_partition_creator_info_provider_impl.cpp" />
    <ClCompile Include="base\tile_info.cpp" />
    <ClCompile Include="vld_decoder\cabac_context_storage.cpp">
      <Filter>variant_length_data_decoder</Filter>
    </ClCompile>
    <ClCompile Include="vld_decoder\cabac_reader.cpp">
      <Filter>variant_length_data_decoder</Filter>
    </ClCompile>
    <ClCompile Include="vld_decoder\common_cabac_syntax_reader.cpp">
      <Filter>variant_length_data_decoder</Filter>
    </ClCompile>
    <ClCompile Include="vld_decoder\end_of_slice_segment_flag_reader.cpp">
      <Filter>variant_length_data_decoder</Filter>
    </ClCompile>
  </ItemGroup>
</Project>