<?xml version="1.0" encoding="utf-8"?>
<Project ToolsVersion="4.0" xmlns="http://schemas.microsoft.com/developer/msbuild/2003">
  <ItemGroup>
    <Filter Include="base">
      <UniqueIdentifier>{ddf97bb3-f760-462e-9869-4fe11dfaba33}</UniqueIdentifier>
    </Filter>
    <Filter Include="syntax">
      <UniqueIdentifier>{ea84014f-8db6-4390-9aef-f4f00bd06c34}</UniqueIdentifier>
    </Filter>
    <Filter Include="base\stream">
      <UniqueIdentifier>{5e4f232a-83e6-4722-969e-083b4a148ba1}</UniqueIdentifier>
    </Filter>
    <Filter Include="predictors">
      <UniqueIdentifier>{77410b83-15cf-4914-a7e6-cfbbe568d453}</UniqueIdentifier>
    </Filter>
    <Filter Include="partitions">
      <UniqueIdentifier>{cf37c7b4-5aca-4a28-a4f5-cf16d62a71c8}</UniqueIdentifier>
    </Filter>
    <Filter Include="vld_decoder">
      <UniqueIdentifier>{9d6cdb04-b389-4805-8471-6a38afe7349c}</UniqueIdentifier>
    </Filter>
  </ItemGroup>
  <ItemGroup>
    <ClInclude Include="hevc_decoder.h" />
    <ClInclude Include="frame.h" />
    <ClInclude Include="hevc_decoder_def.h" />
    <ClInclude Include="base\basic_types.h">
      <Filter>base</Filter>
    </ClInclude>
    <ClInclude Include="base\stream\bit_stream.h">
      <Filter>base\stream</Filter>
    </ClInclude>
    <ClInclude Include="syntax\nal_organizer.h">
      <Filter>syntax</Filter>
    </ClInclude>
    <ClInclude Include="syntax\nal_unit.h">
      <Filter>syntax</Filter>
    </ClInclude>
    <ClInclude Include="syntax\nal_unit_types.h">
      <Filter>syntax</Filter>
    </ClInclude>
    <ClInclude Include="base\stream\golomb_reader.h">
      <Filter>base\stream</Filter>
    </ClInclude>
    <ClInclude Include="syntax\frame_syntax.h">
      <Filter>syntax</Filter>
    </ClInclude>
    <ClInclude Include="syntax\profile_tier_level.h">
      <Filter>syntax</Filter>
    </ClInclude>
    <ClInclude Include="syntax\slice_segment_syntax.h">
      <Filter>syntax</Filter>
    </ClInclude>
    <ClInclude Include="syntax\slice_syntax.h">
      <Filter>syntax</Filter>
    </ClInclude>
    <ClInclude Include="syntax\video_parameter_set.h">
      <Filter>syntax</Filter>
    </ClInclude>
    <ClInclude Include="syntax\profile_tier_level.h" />
    <ClInclude Include="syntax\video_parameter_set.h" />
    <ClInclude Include="base\growing_buffer.h">
      <Filter>base</Filter>
    </ClInclude>
    <ClInclude Include="syntax\hrd_parameters.h">
      <Filter>syntax</Filter>
    </ClInclude>
    <ClInclude Include="syntax\syntax_dispatcher.h">
      <Filter>syntax</Filter>
    </ClInclude>
    <ClInclude Include="syntax\parameters_manager.h">
      <Filter>syntax</Filter>
    </ClInclude>
    <ClInclude Include="syntax\picture_parameter_set.h">
      <Filter>syntax</Filter>
    </ClInclude>
    <ClInclude Include="syntax\scaling_list_data.h">
      <Filter>syntax</Filter>
    </ClInclude>
    <ClInclude Include="syntax\pps_range_extension.h">
      <Filter>syntax</Filter>
    </ClInclude>
    <ClInclude Include="syntax\pps_multilayer_extension.h">
      <Filter>syntax</Filter>
    </ClInclude>
    <ClInclude Include="syntax\colour_mapping_table.h">
      <Filter>syntax</Filter>
    </ClInclude>
    <ClInclude Include="syntax\colour_mapping_octants.h">
      <Filter>syntax</Filter>
    </ClInclude>
    <ClInclude Include="syntax\pps_3d_extension.h">
      <Filter>syntax</Filter>
    </ClInclude>
    <ClInclude Include="syntax\delta_dlt.h">
      <Filter>syntax</Filter>
    </ClInclude>
    <ClInclude Include="syntax\pps_screen_content_coding_extension.h">
      <Filter>syntax</Filter>
    </ClInclude>
    <ClInclude Include="syntax\sequence_parameter_set.h">
      <Filter>syntax</Filter>
    </ClInclude>
    <ClInclude Include="syntax\short_term_reference_picture_set.h">
      <Filter>syntax</Filter>
    </ClInclude>
    <ClInclude Include="syntax\short_term_reference_picture_set_context.h">
      <Filter>syntax</Filter>
    </ClInclude>
    <ClInclude Include="syntax\video_usability_infomation_parameters.h">
      <Filter>syntax</Filter>
    </ClInclude>
    <ClInclude Include="syntax\sps_range_extension.h">
      <Filter>syntax</Filter>
    </ClInclude>
    <ClInclude Include="syntax\sps_multilayer_extension.h">
      <Filter>syntax</Filter>
    </ClInclude>
    <ClInclude Include="syntax\sps_3d_extension.h">
      <Filter>syntax</Filter>
    </ClInclude>
    <ClInclude Include="syntax\sps_screen_content_coding_extension.h">
      <Filter>syntax</Filter>
    </ClInclude>
    <ClInclude Include="syntax\sub_layer_hrd_parameters.h">
      <Filter>syntax</Filter>
    </ClInclude>
    <ClInclude Include="predictors\predictor_manager.h">
      <Filter>predictors</Filter>
    </ClInclude>
    <ClInclude Include="decode_processor_manager.h" />
    <ClInclude Include="frame_sequence_arranger.h" />
    <ClInclude Include="syntax\slice_segment_header.h">
      <Filter>syntax</Filter>
    </ClInclude>
    <ClInclude Include="base\math.h">
      <Filter>base</Filter>
    </ClInclude>
    <ClInclude Include="syntax\reference_picture_lists_modification.h">
      <Filter>syntax</Filter>
    </ClInclude>
    <ClInclude Include="syntax\prediction_weight_table.h">
      <Filter>syntax</Filter>
    </ClInclude>
    <ClInclude Include="syntax\coded_video_sequence.h">
      <Filter>syntax</Filter>
    </ClInclude>
    <ClInclude Include="syntax\frame_syntax_context.h">
      <Filter>syntax</Filter>
    </ClInclude>
    <ClInclude Include="partitions\frame_partition.h">
      <Filter>base</Filter>
    </ClInclude>
    <ClInclude Include="vld_decoder\cabac_context_storage.h">
      <Filter>vld_decoder</Filter>
    </ClInclude>
    <ClInclude Include="vld_decoder\cabac_context_types.h">
      <Filter>vld_decoder</Filter>
    </ClInclude>
    <ClInclude Include="vld_decoder\cabac_reader.h">
      <Filter>vld_decoder</Filter>
    </ClInclude>
    <ClInclude Include="vld_decoder\common_cabac_syntax_reader.h">
      <Filter>vld_decoder</Filter>
    </ClInclude>
    <ClInclude Include="vld_decoder\end_of_slice_segment_flag_reader.h">
      <Filter>vld_decoder</Filter>
    </ClInclude>
    <ClInclude Include="vld_decoder\frame_info_provider_for_cabac.h">
      <Filter>vld_decoder</Filter>
    </ClInclude>
    <ClInclude Include="partitions\slice_segment_address_provider.h">
      <Filter>base</Filter>
    </ClInclude>
    <ClInclude Include="syntax\byte_alignment.h">
      <Filter>syntax</Filter>
    </ClInclude>
    <ClInclude Include="syntax\coding_quadtree.h">
      <Filter>syntax</Filter>
    </ClInclude>
    <ClInclude Include="syntax\coding_quadtree_context.h">
      <Filter>syntax</Filter>
    </ClInclude>
    <ClInclude Include="syntax\coding_tree_unit.h">
      <Filter>syntax</Filter>
    </ClInclude>
    <ClInclude Include="syntax\coding_tree_unit_context.h">
      <Filter>syntax</Filter>
    </ClInclude>
    <ClInclude Include="syntax\coding_unit.h">
      <Filter>syntax</Filter>
    </ClInclude>
    <ClInclude Include="syntax\coding_unit_context.h">
      <Filter>syntax</Filter>
    </ClInclude>
    <ClInclude Include="vld_decoder\cu_skip_flag_reader.h">
      <Filter>vld_decoder</Filter>
    </ClInclude>
    <ClInclude Include="vld_decoder\cu_transquant_bypass_flag_reader.h">
      <Filter>vld_decoder</Filter>
    </ClInclude>
    <ClInclude Include="vld_decoder\exponential_golomb_reader.h">
      <Filter>vld_decoder</Filter>
    </ClInclude>
    <ClInclude Include="vld_decoder\fixed_length_value_reader.h">
      <Filter>vld_decoder</Filter>
    </ClInclude>
    <ClInclude Include="partitions\frame_partition_creator_info_provider.h">
      <Filter>partitions</Filter>
    </ClInclude>
    <ClInclude Include="partitions\frame_partition_creator_info_provider_impl.h">
      <Filter>partitions</Filter>
    </ClInclude>
    <ClInclude Include="partitions\frame_partition_manager.h">
      <Filter>partitions</Filter>
    </ClInclude>
    <ClInclude Include="vld_decoder\intra_chroma_pred_mode_reader.h">
      <Filter>vld_decoder</Filter>
    </ClInclude>
    <ClInclude Include="vld_decoder\limited_exponential_golomb_reader.h">
      <Filter>vld_decoder</Filter>
    </ClInclude>
    <ClInclude Include="vld_decoder\mpm_idx_reader.h">
      <Filter>vld_decoder</Filter>
    </ClInclude>
    <ClInclude Include="vld_decoder\new_palette_entries_reader.h">
      <Filter>vld_decoder</Filter>
    </ClInclude>
    <ClInclude Include="vld_decoder\num_signalled_palette_entries_reader.h">
      <Filter>vld_decoder</Filter>
    </ClInclude>
    <ClInclude Include="syntax\palette_coding.h">
      <Filter>syntax</Filter>
    </ClInclude>
    <ClInclude Include="syntax\palette_coding_context.h">
      <Filter>syntax</Filter>
    </ClInclude>
    <ClInclude Include="vld_decoder\palette_mode_flag_reader.h">
      <Filter>vld_decoder</Filter>
    </ClInclude>
    <ClInclude Include="vld_decoder\palette_predictor_run_reader.h">
      <Filter>vld_decoder</Filter>
    </ClInclude>
    <ClInclude Include="vld_decoder\part_mode_reader.h">
      <Filter>vld_decoder</Filter>
    </ClInclude>
    <ClInclude Include="vld_decoder\pcm_flag_reader.h">
      <Filter>vld_decoder</Filter>
    </ClInclude>
    <ClInclude Include="vld_decoder\pred_mode_flag_reader.h">
      <Filter>vld_decoder</Filter>
    </ClInclude>
    <ClInclude Include="vld_decoder\prev_intra_luma_pred_flag_reader.h">
      <Filter>vld_decoder</Filter>
    </ClInclude>
    <ClInclude Include="vld_decoder\rem_intra_luma_pred_mode_reader.h">
      <Filter>vld_decoder</Filter>
    </ClInclude>
    <ClInclude Include="vld_decoder\rqt_root_cbf_reader.h">
      <Filter>vld_decoder</Filter>
    </ClInclude>
    <ClInclude Include="syntax\palette_table.h">
      <Filter>syntax</Filter>
    </ClInclude>
    <ClInclude Include="syntax\pcm_sample.h">
      <Filter>syntax</Filter>
    </ClInclude>
    <ClInclude Include="syntax\prediction_unit.h">
      <Filter>syntax</Filter>
    </ClInclude>
    <ClInclude Include="syntax\prediction_weight_table_context.h">
      <Filter>syntax</Filter>
    </ClInclude>
    <ClInclude Include="syntax\sample_adaptive_offset.h">
      <Filter>syntax</Filter>
    </ClInclude>
    <ClInclude Include="syntax\sample_adaptive_offset_context.h">
      <Filter>syntax</Filter>
    </ClInclude>
    <ClInclude Include="syntax\predictor_palette_table_storage.h">
      <Filter>syntax</Filter>
    </ClInclude>
    <ClInclude Include="vld_decoder\sao_band_position_reader.h">
      <Filter>vld_decoder</Filter>
    </ClInclude>
    <ClInclude Include="vld_decoder\sao_eo_class_reader.h">
      <Filter>vld_decoder</Filter>
    </ClInclude>
    <ClInclude Include="vld_decoder\sao_merge_flag_reader.h">
      <Filter>vld_decoder</Filter>
    </ClInclude>
    <ClInclude Include="vld_decoder\sao_offset_abs_reader.h">
      <Filter>vld_decoder</Filter>
    </ClInclude>
    <ClInclude Include="vld_decoder\sao_offset_sign_reader.h">
      <Filter>vld_decoder</Filter>
    </ClInclude>
    <ClInclude Include="vld_decoder\sao_type_index_reader.h">
      <Filter>vld_decoder</Filter>
    </ClInclude>
    <ClInclude Include="syntax\short_term_reference_picture_set_context_impl.h">
      <Filter>syntax</Filter>
    </ClInclude>
    <ClInclude Include="syntax\slice_segment_context.h">
      <Filter>syntax</Filter>
    </ClInclude>
    <ClInclude Include="syntax\slice_segment_data.h">
      <Filter>syntax</Filter>
    </ClInclude>
    <ClInclude Include="syntax\slice_segment_data_context.h">
      <Filter>syntax</Filter>
    </ClInclude>
    <ClInclude Include="syntax\slice_segment_header_context.h">
      <Filter>syntax</Filter>
    </ClInclude>
    <ClInclude Include="syntax\transform_tree.h">
      <Filter>syntax</Filter>
    </ClInclude>
    <ClInclude Include="vld_decoder\split_cu_flag_reader.h">
      <Filter>vld_decoder</Filter>
    </ClInclude>
    <ClInclude Include="vld_decoder\truncated_rice_value_reader.h">
      <Filter>vld_decoder</Filter>
    </ClInclude>
    <ClInclude Include="base\tile_info.h">
      <Filter>base</Filter>
    </ClInclude>
    <ClInclude Include="vld_decoder\palette_escape_val_present_flag_reader.h">
      <Filter>vld_decoder</Filter>
    </ClInclude>
    <ClInclude Include="vld_decoder\num_palette_indices_reader.h">
      <Filter>vld_decoder</Filter>
    </ClInclude>
    <ClInclude Include="vld_decoder\truncated_binary_reader.h">
      <Filter>vld_decoder</Filter>
    </ClInclude>
    <ClInclude Include="vld_decoder\palette_index_idc_reader.h">
      <Filter>vld_decoder</Filter>
    </ClInclude>
    <ClInclude Include="vld_decoder\copy_above_indices_for_final_run_flag_reader.h">
      <Filter>vld_decoder</Filter>
    </ClInclude>
    <ClInclude Include="vld_decoder\palette_transpose_flag_reader.h">
      <Filter>vld_decoder</Filter>
    </ClInclude>
    <ClInclude Include="syntax\delta_qp.h">
      <Filter>syntax</Filter>
    </ClInclude>
    <ClInclude Include="syntax\delta_qp_context.h">
      <Filter>syntax</Filter>
    </ClInclude>
    <ClInclude Include="vld_decoder\cu_qp_delta_abs_reader.h">
      <Filter>vld_decoder</Filter>
    </ClInclude>
    <ClInclude Include="vld_decoder\cu_qp_delta_sign_flag_reader.h">
      <Filter>vld_decoder</Filter>
    </ClInclude>
    <ClInclude Include="syntax\chroma_qp_offset.h">
      <Filter>syntax</Filter>
    </ClInclude>
    <ClInclude Include="syntax\chroma_qp_offset_context.h">
      <Filter>syntax</Filter>
    </ClInclude>
    <ClInclude Include="vld_decoder\cu_chroma_qp_offset_flag_reader.h">
      <Filter>vld_decoder</Filter>
    </ClInclude>
    <ClInclude Include="vld_decoder\cu_chroma_qp_offset_idx_reader.h">
      <Filter>vld_decoder</Filter>
    </ClInclude>
    <ClInclude Include="partitions\block_scan_order_provider.h">
      <Filter>partitions</Filter>
    </ClInclude>
    <ClInclude Include="vld_decoder\copy_above_palette_indices_flag_reader.h">
      <Filter>vld_decoder</Filter>
    </ClInclude>
    <ClInclude Include="vld_decoder\palette_run_prefix_reader.h">
      <Filter>vld_decoder</Filter>
    </ClInclude>
    <ClInclude Include="vld_decoder\palette_run_suffix_reader.h">
      <Filter>vld_decoder</Filter>
    </ClInclude>
    <ClInclude Include="vld_decoder\palette_escape_val_reader.h">
      <Filter>vld_decoder</Filter>
    </ClInclude>
    <ClInclude Include="base\color_util.h">
      <Filter>base</Filter>
    </ClInclude>
    <ClInclude Include="syntax\prediction_unit_context.h">
      <Filter>syntax</Filter>
    </ClInclude>
    <ClInclude Include="syntax\transform_tree_context.h">
      <Filter>syntax</Filter>
    </ClInclude>
    <ClInclude Include="vld_decoder\split_transform_flag_reader.h">
      <Filter>vld_decoder</Filter>
    </ClInclude>
    <ClInclude Include="vld_decoder\cbf_cb_reader.h">
      <Filter>vld_decoder</Filter>
    </ClInclude>
    <ClInclude Include="vld_decoder\cbf_cr_reader.h">
      <Filter>vld_decoder</Filter>
    </ClInclude>
    <ClInclude Include="vld_decoder\cbf_luma_reader.h">
      <Filter>vld_decoder</Filter>
    </ClInclude>
    <ClInclude Include="syntax\transform_unit.h">
      <Filter>syntax</Filter>
    </ClInclude>
    <ClInclude Include="syntax\transform_unit_context.h">
      <Filter>syntax</Filter>
    </ClInclude>
    <ClInclude Include="vld_decoder\tu_residual_act_flag_reader.h">
      <Filter>vld_decoder</Filter>
    </ClInclude>
    <ClInclude Include="syntax\residual_coding.h">
      <Filter>syntax</Filter>
    </ClInclude>
    <ClInclude Include="syntax\residual_coding_context.h">
      <Filter>syntax</Filter>
    </ClInclude>
    <ClInclude Include="syntax\cross_comp_pred.h">
      <Filter>syntax</Filter>
    </ClInclude>
    <ClInclude Include="syntax\cross_comp_pred_context.h">
      <Filter>syntax</Filter>
    </ClInclude>
    <ClInclude Include="vld_decoder\transform_skip_flag_reader.h">
      <Filter>vld_decoder</Filter>
    </ClInclude>
    <ClInclude Include="vld_decoder\explicit_rdpcm_flag_reader.h">
      <Filter>vld_decoder</Filter>
    </ClInclude>
    <ClInclude Include="vld_decoder\explicit_rdpcm_dir_flag_reader.h">
      <Filter>vld_decoder</Filter>
    </ClInclude>
    <ClInclude Include="vld_decoder\last_sig_coeff_prefix_reader.h">
      <Filter>vld_decoder</Filter>
    </ClInclude>
    <ClInclude Include="vld_decoder\last_sig_coeff_x_prefix_reader.h">
      <Filter>vld_decoder</Filter>
    </ClInclude>
    <ClInclude Include="vld_decoder\last_sig_coeff_y_prefix_reader.h">
      <Filter>vld_decoder</Filter>
    </ClInclude>
    <ClInclude Include="vld_decoder\last_sig_coeff_suffix_reader.h">
      <Filter>vld_decoder</Filter>
    </ClInclude>
    <ClInclude Include="vld_decoder\last_sig_coeff_x_suffix_reader.h">
      <Filter>vld_decoder</Filter>
    </ClInclude>
    <ClInclude Include="vld_decoder\last_sig_coeff_y_suffix_reader.h">
      <Filter>vld_decoder</Filter>
    </ClInclude>
    <ClInclude Include="base\plane_util.h">
      <Filter>base</Filter>
    </ClInclude>
    <ClInclude Include="base\coordinate.h">
      <Filter>base</Filter>
    </ClInclude>
    <ClInclude Include="vld_decoder\coded_sub_block_flag_reader.h">
      <Filter>vld_decoder</Filter>
    </ClInclude>
    <ClInclude Include="vld_decoder\sig_coeff_flag_reader.h">
      <Filter>vld_decoder</Filter>
    </ClInclude>
    <ClInclude Include="vld_decoder\coeff_abs_level_greater_1_flag_reader.h">
      <Filter>vld_decoder</Filter>
    </ClInclude>
    <ClInclude Include="vld_decoder\coeff_abs_level_greater_2_flag_reader.h">
      <Filter>vld_decoder</Filter>
    </ClInclude>
    <ClInclude Include="vld_decoder\coeff_abs_level_greater_number_flag_reader_context.h">
      <Filter>vld_decoder</Filter>
    </ClInclude>
    <ClInclude Include="vld_decoder\coeff_sign_flag_reader.h">
      <Filter>vld_decoder</Filter>
    </ClInclude>
    <ClInclude Include="vld_decoder\coeff_abs_level_remaining_reader.h">
      <Filter>vld_decoder</Filter>
    </ClInclude>
  </ItemGroup>
  <ItemGroup>
    <ClCompile Include="hevc_decoder.cpp" />
    <ClCompile Include="frame.cpp" />
    <ClCompile Include="base\stream\bit_stream.cpp">
      <Filter>base\stream</Filter>
    </ClCompile>
    <ClCompile Include="syntax\nal_organizer.cpp">
      <Filter>syntax</Filter>
    </ClCompile>
    <ClCompile Include="syntax\nal_unit.cpp">
      <Filter>syntax</Filter>
    </ClCompile>
    <ClCompile Include="base\stream\golomb_reader.cpp">
      <Filter>base\stream</Filter>
    </ClCompile>
    <ClCompile Include="syntax\frame_syntax.cpp">
      <Filter>syntax</Filter>
    </ClCompile>
    <ClCompile Include="syntax\profile_tier_level.cpp">
      <Filter>syntax</Filter>
    </ClCompile>
    <ClCompile Include="syntax\slice_segment_syntax.cpp">
      <Filter>syntax</Filter>
    </ClCompile>
    <ClCompile Include="syntax\slice_syntax.cpp">
      <Filter>syntax</Filter>
    </ClCompile>
    <ClCompile Include="syntax\profile_tier_level.cpp" />
    <ClCompile Include="syntax\video_parameter_set.cpp">
      <Filter>syntax</Filter>
    </ClCompile>
    <ClCompile Include="syntax\hrd_parameters.cpp">
      <Filter>syntax</Filter>
    </ClCompile>
    <ClCompile Include="syntax\syntax_dispatcher.cpp">
      <Filter>syntax</Filter>
    </ClCompile>
    <ClCompile Include="syntax\parameters_manager.cpp">
      <Filter>syntax</Filter>
    </ClCompile>
    <ClCompile Include="syntax\picture_parameter_set.cpp">
      <Filter>syntax</Filter>
    </ClCompile>
    <ClCompile Include="syntax\scaling_list_data.cpp">
      <Filter>syntax</Filter>
    </ClCompile>
    <ClCompile Include="syntax\pps_range_extension.cpp">
      <Filter>syntax</Filter>
    </ClCompile>
    <ClCompile Include="syntax\pps_multilayer_extension.cpp">
      <Filter>syntax</Filter>
    </ClCompile>
    <ClCompile Include="syntax\colour_mapping_table.cpp">
      <Filter>syntax</Filter>
    </ClCompile>
    <ClCompile Include="syntax\colour_mapping_octants.cpp">
      <Filter>syntax</Filter>
    </ClCompile>
    <ClCompile Include="syntax\pps_3d_extension.cpp">
      <Filter>syntax</Filter>
    </ClCompile>
    <ClCompile Include="syntax\delta_dlt.cpp">
      <Filter>syntax</Filter>
    </ClCompile>
    <ClCompile Include="syntax\pps_screen_content_coding_extension.cpp">
      <Filter>syntax</Filter>
    </ClCompile>
    <ClCompile Include="syntax\sequence_parameter_set.cpp">
      <Filter>syntax</Filter>
    </ClCompile>
    <ClCompile Include="syntax\short_term_reference_picture_set.cpp">
      <Filter>syntax</Filter>
    </ClCompile>
    <ClCompile Include="syntax\video_usability_infomation_parameters.cpp">
      <Filter>syntax</Filter>
    </ClCompile>
    <ClCompile Include="syntax\sps_range_extension.cpp">
      <Filter>syntax</Filter>
    </ClCompile>
    <ClCompile Include="syntax\sps_multilayer_extension.cpp">
      <Filter>syntax</Filter>
    </ClCompile>
    <ClCompile Include="syntax\sps_3d_extension.cpp">
      <Filter>syntax</Filter>
    </ClCompile>
    <ClCompile Include="syntax\sps_screen_content_coding_extension.cpp">
      <Filter>syntax</Filter>
    </ClCompile>
    <ClCompile Include="syntax\sub_layer_hrd_parameters.cpp">
      <Filter>syntax</Filter>
    </ClCompile>
    <ClCompile Include="syntax\video_parameter_set.cpp">
      <Filter>syntax</Filter>
    </ClCompile>
    <ClCompile Include="predictors\predictor_manager.cpp">
      <Filter>predictors</Filter>
    </ClCompile>
    <ClCompile Include="decode_processor_manager.cpp" />
    <ClCompile Include="frame_sequence_arranger.cpp" />
    <ClCompile Include="syntax\slice_segment_header.cpp">
      <Filter>syntax</Filter>
    </ClCompile>
    <ClCompile Include="syntax\reference_picture_lists_modification.cpp">
      <Filter>syntax</Filter>
    </ClCompile>
    <ClCompile Include="syntax\prediction_weight_table.cpp">
      <Filter>syntax</Filter>
    </ClCompile>
    <ClCompile Include="syntax\coded_video_sequence.cpp">
      <Filter>syntax</Filter>
    </ClCompile>
    <ClCompile Include="partitions\frame_partition.cpp">
      <Filter>base</Filter>
    </ClCompile>
    <ClCompile Include="vld_decoder\cabac_context_storage.cpp">
      <Filter>vld_decoder</Filter>
    </ClCompile>
    <ClCompile Include="vld_decoder\cabac_reader.cpp">
      <Filter>vld_decoder</Filter>
    </ClCompile>
    <ClCompile Include="vld_decoder\common_cabac_syntax_reader.cpp">
      <Filter>vld_decoder</Filter>
    </ClCompile>
    <ClCompile Include="vld_decoder\end_of_slice_segment_flag_reader.cpp">
      <Filter>vld_decoder</Filter>
    </ClCompile>
    <ClCompile Include="syntax\byte_alignment.cpp">
      <Filter>syntax</Filter>
    </ClCompile>
    <ClCompile Include="syntax\coding_quadtree.cpp">
      <Filter>syntax</Filter>
    </ClCompile>
    <ClCompile Include="syntax\coding_tree_unit.cpp">
      <Filter>syntax</Filter>
    </ClCompile>
    <ClCompile Include="syntax\coding_unit.cpp">
      <Filter>syntax</Filter>
    </ClCompile>
    <ClCompile Include="vld_decoder\cu_skip_flag_reader.cpp">
      <Filter>vld_decoder</Filter>
    </ClCompile>
    <ClCompile Include="vld_decoder\cu_transquant_bypass_flag_reader.cpp">
      <Filter>vld_decoder</Filter>
    </ClCompile>
    <ClCompile Include="vld_decoder\exponential_golomb_reader.cpp">
      <Filter>vld_decoder</Filter>
    </ClCompile>
    <ClCompile Include="vld_decoder\fixed_length_value_reader.cpp">
      <Filter>vld_decoder</Filter>
    </ClCompile>
    <ClCompile Include="partitions\frame_partition_creator_info_provider_impl.cpp">
      <Filter>partitions</Filter>
    </ClCompile>
    <ClCompile Include="partitions\frame_partition_manager.cpp">
      <Filter>partitions</Filter>
    </ClCompile>
    <ClCompile Include="vld_decoder\intra_chroma_pred_mode_reader.cpp">
      <Filter>vld_decoder</Filter>
    </ClCompile>
    <ClCompile Include="vld_decoder\limited_exponential_golomb_reader.cpp">
      <Filter>vld_decoder</Filter>
    </ClCompile>
    <ClCompile Include="vld_decoder\mpm_idx_reader.cpp">
      <Filter>vld_decoder</Filter>
    </ClCompile>
    <ClCompile Include="vld_decoder\new_palette_entries_reader.cpp">
      <Filter>vld_decoder</Filter>
    </ClCompile>
    <ClCompile Include="syntax\palette_coding.cpp">
      <Filter>syntax</Filter>
    </ClCompile>
    <ClCompile Include="vld_decoder\palette_mode_flag_reader.cpp">
      <Filter>vld_decoder</Filter>
    </ClCompile>
    <ClCompile Include="vld_decoder\palette_predictor_run_reader.cpp">
      <Filter>vld_decoder</Filter>
    </ClCompile>
    <ClCompile Include="vld_decoder\part_mode_reader.cpp">
      <Filter>vld_decoder</Filter>
    </ClCompile>
    <ClCompile Include="vld_decoder\pcm_flag_reader.cpp">
      <Filter>vld_decoder</Filter>
    </ClCompile>
    <ClCompile Include="vld_decoder\pred_mode_flag_reader.cpp">
      <Filter>vld_decoder</Filter>
    </ClCompile>
    <ClCompile Include="vld_decoder\prev_intra_luma_pred_flag_reader.cpp">
      <Filter>vld_decoder</Filter>
    </ClCompile>
    <ClCompile Include="vld_decoder\rem_intra_luma_pred_mode_reader.cpp">
      <Filter>vld_decoder</Filter>
    </ClCompile>
    <ClCompile Include="vld_decoder\rqt_root_cbf_reader.cpp">
      <Filter>vld_decoder</Filter>
    </ClCompile>
    <ClCompile Include="syntax\palette_table.cpp">
      <Filter>syntax</Filter>
    </ClCompile>
    <ClCompile Include="syntax\pcm_sample.cpp">
      <Filter>syntax</Filter>
    </ClCompile>
    <ClCompile Include="syntax\prediction_unit.cpp">
      <Filter>syntax</Filter>
    </ClCompile>
    <ClCompile Include="syntax\sample_adaptive_offset.cpp">
      <Filter>syntax</Filter>
    </ClCompile>
    <ClCompile Include="syntax\predictor_palette_table_storage.cpp">
      <Filter>syntax</Filter>
    </ClCompile>
    <ClCompile Include="vld_decoder\sao_band_position_reader.cpp">
      <Filter>vld_decoder</Filter>
    </ClCompile>
    <ClCompile Include="vld_decoder\sao_eo_class_reader.cpp">
      <Filter>vld_decoder</Filter>
    </ClCompile>
    <ClCompile Include="vld_decoder\sao_merge_flag_reader.cpp">
      <Filter>vld_decoder</Filter>
    </ClCompile>
    <ClCompile Include="vld_decoder\sao_offset_abs_reader.cpp">
      <Filter>vld_decoder</Filter>
    </ClCompile>
    <ClCompile Include="vld_decoder\sao_offset_sign_reader.cpp">
      <Filter>vld_decoder</Filter>
    </ClCompile>
    <ClCompile Include="vld_decoder\sao_type_index_reader.cpp">
      <Filter>vld_decoder</Filter>
    </ClCompile>
    <ClCompile Include="syntax\slice_segment_data.cpp">
      <Filter>syntax</Filter>
    </ClCompile>
    <ClCompile Include="syntax\transform_tree.cpp">
      <Filter>syntax</Filter>
    </ClCompile>
    <ClCompile Include="vld_decoder\split_cu_flag_reader.cpp">
      <Filter>vld_decoder</Filter>
    </ClCompile>
    <ClCompile Include="vld_decoder\truncated_rice_value_reader.cpp">
      <Filter>vld_decoder</Filter>
    </ClCompile>
    <ClCompile Include="base\tile_info.cpp">
      <Filter>base</Filter>
    </ClCompile>
    <ClCompile Include="vld_decoder\palette_escape_val_present_flag_reader.cpp">
      <Filter>vld_decoder</Filter>
    </ClCompile>
    <ClCompile Include="vld_decoder\num_palette_indices_reader.cpp">
      <Filter>vld_decoder</Filter>
    </ClCompile>
    <ClCompile Include="vld_decoder\truncated_binary_reader.cpp">
      <Filter>vld_decoder</Filter>
    </ClCompile>
    <ClCompile Include="vld_decoder\palette_index_idc_reader.cpp">
      <Filter>vld_decoder</Filter>
    </ClCompile>
    <ClCompile Include="vld_decoder\copy_above_indices_for_final_run_flag_reader.cpp">
      <Filter>vld_decoder</Filter>
    </ClCompile>
    <ClCompile Include="vld_decoder\palette_transpose_flag_reader.cpp">
      <Filter>vld_decoder</Filter>
    </ClCompile>
    <ClCompile Include="syntax\delta_qp.cpp">
      <Filter>syntax</Filter>
    </ClCompile>
    <ClCompile Include="vld_decoder\cu_qp_delta_abs_reader.cpp">
      <Filter>vld_decoder</Filter>
    </ClCompile>
    <ClCompile Include="vld_decoder\cu_qp_delta_sign_flag_reader.cpp">
      <Filter>vld_decoder</Filter>
    </ClCompile>
    <ClCompile Include="syntax\chroma_qp_offset.cpp">
      <Filter>syntax</Filter>
    </ClCompile>
    <ClCompile Include="vld_decoder\cu_chroma_qp_offset_flag_reader.cpp">
      <Filter>vld_decoder</Filter>
    </ClCompile>
    <ClCompile Include="vld_decoder\cu_chroma_qp_offset_idx_reader.cpp">
      <Filter>vld_decoder</Filter>
    </ClCompile>
    <ClCompile Include="partitions\block_scan_order_provider.cpp">
      <Filter>partitions</Filter>
    </ClCompile>
    <ClCompile Include="vld_decoder\copy_above_palette_indices_flag_reader.cpp">
      <Filter>vld_decoder</Filter>
    </ClCompile>
    <ClCompile Include="vld_decoder\palette_run_prefix_reader.cpp">
      <Filter>vld_decoder</Filter>
    </ClCompile>
    <ClCompile Include="vld_decoder\palette_run_suffix_reader.cpp">
      <Filter>vld_decoder</Filter>
    </ClCompile>
    <ClCompile Include="vld_decoder\palette_escape_val_reader.cpp">
      <Filter>vld_decoder</Filter>
    </ClCompile>
    <ClCompile Include="base\color_util.cpp">
      <Filter>base</Filter>
    </ClCompile>
    <ClCompile Include="vld_decoder\split_transform_flag_reader.cpp">
      <Filter>vld_decoder</Filter>
    </ClCompile>
    <ClCompile Include="vld_decoder\cbf_cb_reader.cpp">
      <Filter>vld_decoder</Filter>
    </ClCompile>
    <ClCompile Include="vld_decoder\cbf_luma_reader.cpp">
      <Filter>vld_decoder</Filter>
    </ClCompile>
    <ClCompile Include="syntax\transform_unit.cpp">
      <Filter>syntax</Filter>
    </ClCompile>
    <ClCompile Include="vld_decoder\tu_residual_act_flag_reader.cpp">
      <Filter>vld_decoder</Filter>
    </ClCompile>
    <ClCompile Include="syntax\residual_coding.cpp">
      <Filter>syntax</Filter>
    </ClCompile>
    <ClCompile Include="syntax\cross_comp_pred.cpp">
      <Filter>syntax</Filter>
    </ClCompile>
    <ClCompile Include="vld_decoder\transform_skip_flag_reader.cpp">
      <Filter>vld_decoder</Filter>
    </ClCompile>
    <ClCompile Include="vld_decoder\explicit_rdpcm_flag_reader.cpp">
      <Filter>vld_decoder</Filter>
    </ClCompile>
    <ClCompile Include="vld_decoder\explicit_rdpcm_dir_flag_reader.cpp">
      <Filter>vld_decoder</Filter>
    </ClCompile>
    <ClCompile Include="vld_decoder\last_sig_coeff_prefix_reader.cpp">
      <Filter>vld_decoder</Filter>
    </ClCompile>
    <ClCompile Include="vld_decoder\last_sig_coeff_suffix_reader.cpp">
      <Filter>vld_decoder</Filter>
    </ClCompile>
    <ClCompile Include="base\coordinate.cpp">
      <Filter>base</Filter>
    </ClCompile>
    <ClCompile Include="vld_decoder\coded_sub_block_flag_reader.cpp">
      <Filter>vld_decoder</Filter>
    </ClCompile>
    <ClCompile Include="vld_decoder\sig_coeff_flag_reader.cpp">
      <Filter>vld_decoder</Filter>
    </ClCompile>
    <ClCompile Include="vld_decoder\coeff_abs_level_greater_1_flag_reader.cpp">
      <Filter>vld_decoder</Filter>
    </ClCompile>
    <ClCompile Include="vld_decoder\coeff_abs_level_greater_2_flag_reader.cpp">
      <Filter>vld_decoder</Filter>
    </ClCompile>
    <ClCompile Include="vld_decoder\coeff_abs_level_greater_number_flag_reader_context.cpp">
      <Filter>vld_decoder</Filter>
    </ClCompile>
    <ClCompile Include="vld_decoder\coeff_sign_flag_reader.cpp">
      <Filter>vld_decoder</Filter>
    </ClCompile>
    <ClCompile Include="vld_decoder\coeff_abs_level_remaining_reader.cpp">
      <Filter>vld_decoder</Filter>
    </ClCompile>
  </ItemGroup>
</Project>